// !$*UTF8*$!
{
	archiveVersion = 1;
	classes = {
	};
	objectVersion = 46;
	objects = {

/* Begin PBXBuildFile section */
		8B023CF01E5C62BE00B3C712 /* GeoFire.m in Sources */ = {isa = PBXBuildFile; fileRef = 8B023CE71E5C62BE00B3C712 /* GeoFire.m */; };
		8B023CF11E5C62BE00B3C712 /* GFBase32Utils.m in Sources */ = {isa = PBXBuildFile; fileRef = 8B023CE91E5C62BE00B3C712 /* GFBase32Utils.m */; };
		8B023CF21E5C62BE00B3C712 /* GFGeoHash.m in Sources */ = {isa = PBXBuildFile; fileRef = 8B023CEB1E5C62BE00B3C712 /* GFGeoHash.m */; };
		8B023CF31E5C62BE00B3C712 /* GFGeoHashQuery.m in Sources */ = {isa = PBXBuildFile; fileRef = 8B023CED1E5C62BE00B3C712 /* GFGeoHashQuery.m */; };
		8B023CF41E5C62BE00B3C712 /* GFQuery.m in Sources */ = {isa = PBXBuildFile; fileRef = 8B023CEF1E5C62BE00B3C712 /* GFQuery.m */; };
		8B023D011E5C91CB00B3C712 /* PokeAnnotation.swift in Sources */ = {isa = PBXBuildFile; fileRef = 8B023D001E5C91CB00B3C712 /* PokeAnnotation.swift */; };
		8BA5DEF61E5B494F007BE40F /* AppDelegate.swift in Sources */ = {isa = PBXBuildFile; fileRef = 8BA5DEF51E5B494F007BE40F /* AppDelegate.swift */; };
		8BA5DEF81E5B494F007BE40F /* ViewController.swift in Sources */ = {isa = PBXBuildFile; fileRef = 8BA5DEF71E5B494F007BE40F /* ViewController.swift */; };
		8BA5DEFB1E5B494F007BE40F /* Main.storyboard in Resources */ = {isa = PBXBuildFile; fileRef = 8BA5DEF91E5B494F007BE40F /* Main.storyboard */; };
		8BA5DEFD1E5B494F007BE40F /* Assets.xcassets in Resources */ = {isa = PBXBuildFile; fileRef = 8BA5DEFC1E5B494F007BE40F /* Assets.xcassets */; };
		8BA5DF001E5B494F007BE40F /* LaunchScreen.storyboard in Resources */ = {isa = PBXBuildFile; fileRef = 8BA5DEFE1E5B494F007BE40F /* LaunchScreen.storyboard */; };
		8BA5DF081E5B496C007BE40F /* GoogleService-Info.plist in Resources */ = {isa = PBXBuildFile; fileRef = 8BA5DF071E5B496C007BE40F /* GoogleService-Info.plist */; };
		C6081B21B5938E3618B05091 /* Pods_PokeSearch.framework in Frameworks */ = {isa = PBXBuildFile; fileRef = E37CD9720981BFEB65FB4F08 /* Pods_PokeSearch.framework */; };
/* End PBXBuildFile section */

/* Begin PBXFileReference section */
		7193EEE9BA37B594F1FD12E4 /* Pods-PokeSearch.release.xcconfig */ = {isa = PBXFileReference; includeInIndex = 1; lastKnownFileType = text.xcconfig; name = "Pods-PokeSearch.release.xcconfig"; path = "Pods/Target Support Files/Pods-PokeSearch/Pods-PokeSearch.release.xcconfig"; sourceTree = "<group>"; };
		8B023CE01E5C62BE00B3C712 /* GeoFire.h */ = {isa = PBXFileReference; fileEncoding = 4; lastKnownFileType = sourcecode.c.h; path = GeoFire.h; sourceTree = "<group>"; };
		8B023CE11E5C62BE00B3C712 /* GFCircleQuery.h */ = {isa = PBXFileReference; fileEncoding = 4; lastKnownFileType = sourcecode.c.h; path = GFCircleQuery.h; sourceTree = "<group>"; };
		8B023CE21E5C62BE00B3C712 /* GFQuery.h */ = {isa = PBXFileReference; fileEncoding = 4; lastKnownFileType = sourcecode.c.h; path = GFQuery.h; sourceTree = "<group>"; };
		8B023CE31E5C62BE00B3C712 /* GFRegionQuery.h */ = {isa = PBXFileReference; fileEncoding = 4; lastKnownFileType = sourcecode.c.h; path = GFRegionQuery.h; sourceTree = "<group>"; };
		8B023CE41E5C62BE00B3C712 /* GeoFire-Prefix.pch */ = {isa = PBXFileReference; fileEncoding = 4; lastKnownFileType = sourcecode.c.h; path = "GeoFire-Prefix.pch"; sourceTree = "<group>"; };
		8B023CE61E5C62BE00B3C712 /* GeoFire+Private.h */ = {isa = PBXFileReference; fileEncoding = 4; lastKnownFileType = sourcecode.c.h; path = "GeoFire+Private.h"; sourceTree = "<group>"; };
		8B023CE71E5C62BE00B3C712 /* GeoFire.m */ = {isa = PBXFileReference; fileEncoding = 4; lastKnownFileType = sourcecode.c.objc; path = GeoFire.m; sourceTree = "<group>"; };
		8B023CE81E5C62BE00B3C712 /* GFBase32Utils.h */ = {isa = PBXFileReference; fileEncoding = 4; lastKnownFileType = sourcecode.c.h; path = GFBase32Utils.h; sourceTree = "<group>"; };
		8B023CE91E5C62BE00B3C712 /* GFBase32Utils.m */ = {isa = PBXFileReference; fileEncoding = 4; lastKnownFileType = sourcecode.c.objc; path = GFBase32Utils.m; sourceTree = "<group>"; };
		8B023CEA1E5C62BE00B3C712 /* GFGeoHash.h */ = {isa = PBXFileReference; fileEncoding = 4; lastKnownFileType = sourcecode.c.h; path = GFGeoHash.h; sourceTree = "<group>"; };
		8B023CEB1E5C62BE00B3C712 /* GFGeoHash.m */ = {isa = PBXFileReference; fileEncoding = 4; lastKnownFileType = sourcecode.c.objc; path = GFGeoHash.m; sourceTree = "<group>"; };
		8B023CEC1E5C62BE00B3C712 /* GFGeoHashQuery.h */ = {isa = PBXFileReference; fileEncoding = 4; lastKnownFileType = sourcecode.c.h; path = GFGeoHashQuery.h; sourceTree = "<group>"; };
		8B023CED1E5C62BE00B3C712 /* GFGeoHashQuery.m */ = {isa = PBXFileReference; fileEncoding = 4; lastKnownFileType = sourcecode.c.objc; path = GFGeoHashQuery.m; sourceTree = "<group>"; };
		8B023CEE1E5C62BE00B3C712 /* GFQuery+Private.h */ = {isa = PBXFileReference; fileEncoding = 4; lastKnownFileType = sourcecode.c.h; path = "GFQuery+Private.h"; sourceTree = "<group>"; };
		8B023CEF1E5C62BE00B3C712 /* GFQuery.m */ = {isa = PBXFileReference; fileEncoding = 4; lastKnownFileType = sourcecode.c.objc; path = GFQuery.m; sourceTree = "<group>"; };
		8B023CFD1E5C664400B3C712 /* Poke-Bridge-Header.h */ = {isa = PBXFileReference; lastKnownFileType = sourcecode.c.h; path = "Poke-Bridge-Header.h"; sourceTree = "<group>"; };
		8B023D001E5C91CB00B3C712 /* PokeAnnotation.swift */ = {isa = PBXFileReference; fileEncoding = 4; lastKnownFileType = sourcecode.swift; path = PokeAnnotation.swift; sourceTree = "<group>"; };
		8BA5DEF21E5B494F007BE40F /* PokeSearch.app */ = {isa = PBXFileReference; explicitFileType = wrapper.application; includeInIndex = 0; path = PokeSearch.app; sourceTree = BUILT_PRODUCTS_DIR; };
		8BA5DEF51E5B494F007BE40F /* AppDelegate.swift */ = {isa = PBXFileReference; lastKnownFileType = sourcecode.swift; path = AppDelegate.swift; sourceTree = "<group>"; };
		8BA5DEF71E5B494F007BE40F /* ViewController.swift */ = {isa = PBXFileReference; lastKnownFileType = sourcecode.swift; path = ViewController.swift; sourceTree = "<group>"; };
		8BA5DEFA1E5B494F007BE40F /* Base */ = {isa = PBXFileReference; lastKnownFileType = file.storyboard; name = Base; path = Base.lproj/Main.storyboard; sourceTree = "<group>"; };
		8BA5DEFC1E5B494F007BE40F /* Assets.xcassets */ = {isa = PBXFileReference; lastKnownFileType = folder.assetcatalog; path = Assets.xcassets; sourceTree = "<group>"; };
		8BA5DEFF1E5B494F007BE40F /* Base */ = {isa = PBXFileReference; lastKnownFileType = file.storyboard; name = Base; path = Base.lproj/LaunchScreen.storyboard; sourceTree = "<group>"; };
		8BA5DF011E5B494F007BE40F /* Info.plist */ = {isa = PBXFileReference; lastKnownFileType = text.plist.xml; path = Info.plist; sourceTree = "<group>"; };
		8BA5DF071E5B496C007BE40F /* GoogleService-Info.plist */ = {isa = PBXFileReference; fileEncoding = 4; lastKnownFileType = text.plist.xml; path = "GoogleService-Info.plist"; sourceTree = "<group>"; };
		BFDFAD0AF9F2CDA1C001B3C8 /* Pods-PokeSearch.debug.xcconfig */ = {isa = PBXFileReference; includeInIndex = 1; lastKnownFileType = text.xcconfig; name = "Pods-PokeSearch.debug.xcconfig"; path = "Pods/Target Support Files/Pods-PokeSearch/Pods-PokeSearch.debug.xcconfig"; sourceTree = "<group>"; };
		E37CD9720981BFEB65FB4F08 /* Pods_PokeSearch.framework */ = {isa = PBXFileReference; explicitFileType = wrapper.framework; includeInIndex = 0; path = Pods_PokeSearch.framework; sourceTree = BUILT_PRODUCTS_DIR; };
/* End PBXFileReference section */

/* Begin PBXFrameworksBuildPhase section */
		8BA5DEEF1E5B494F007BE40F /* Frameworks */ = {
			isa = PBXFrameworksBuildPhase;
			buildActionMask = 2147483647;
			files = (
				C6081B21B5938E3618B05091 /* Pods_PokeSearch.framework in Frameworks */,
			);
			runOnlyForDeploymentPostprocessing = 0;
		};
/* End PBXFrameworksBuildPhase section */

/* Begin PBXGroup section */
		242669914C0FBC0E0F1548C0 /* Pods */ = {
			isa = PBXGroup;
			children = (
				BFDFAD0AF9F2CDA1C001B3C8 /* Pods-PokeSearch.debug.xcconfig */,
				7193EEE9BA37B594F1FD12E4 /* Pods-PokeSearch.release.xcconfig */,
			);
			name = Pods;
			sourceTree = "<group>";
		};
		85C1D1F0895F5F1F1A63DE4D /* Frameworks */ = {
			isa = PBXGroup;
			children = (
				E37CD9720981BFEB65FB4F08 /* Pods_PokeSearch.framework */,
			);
			name = Frameworks;
			sourceTree = "<group>";
		};
		8B023CDE1E5C62BE00B3C712 /* GeoFire */ = {
			isa = PBXGroup;
			children = (
				8B023CDF1E5C62BE00B3C712 /* API */,
				8B023CE41E5C62BE00B3C712 /* GeoFire-Prefix.pch */,
				8B023CE51E5C62BE00B3C712 /* Implementation */,
			);
			path = GeoFire;
			sourceTree = "<group>";
		};
		8B023CDF1E5C62BE00B3C712 /* API */ = {
			isa = PBXGroup;
			children = (
				8B023CE01E5C62BE00B3C712 /* GeoFire.h */,
				8B023CE11E5C62BE00B3C712 /* GFCircleQuery.h */,
				8B023CE21E5C62BE00B3C712 /* GFQuery.h */,
				8B023CE31E5C62BE00B3C712 /* GFRegionQuery.h */,
			);
			path = API;
			sourceTree = "<group>";
		};
		8B023CE51E5C62BE00B3C712 /* Implementation */ = {
			isa = PBXGroup;
			children = (
				8B023CE61E5C62BE00B3C712 /* GeoFire+Private.h */,
				8B023CE71E5C62BE00B3C712 /* GeoFire.m */,
				8B023CE81E5C62BE00B3C712 /* GFBase32Utils.h */,
				8B023CE91E5C62BE00B3C712 /* GFBase32Utils.m */,
				8B023CEA1E5C62BE00B3C712 /* GFGeoHash.h */,
				8B023CEB1E5C62BE00B3C712 /* GFGeoHash.m */,
				8B023CEC1E5C62BE00B3C712 /* GFGeoHashQuery.h */,
				8B023CED1E5C62BE00B3C712 /* GFGeoHashQuery.m */,
				8B023CEE1E5C62BE00B3C712 /* GFQuery+Private.h */,
				8B023CEF1E5C62BE00B3C712 /* GFQuery.m */,
			);
			path = Implementation;
			sourceTree = "<group>";
		};
		8B023CFE1E5C915100B3C712 /* Controller */ = {
			isa = PBXGroup;
			children = (
				8BA5DEF71E5B494F007BE40F /* ViewController.swift */,
			);
			name = Controller;
			sourceTree = "<group>";
		};
		8B023CFF1E5C915F00B3C712 /* Model */ = {
			isa = PBXGroup;
			children = (
				8B023D001E5C91CB00B3C712 /* PokeAnnotation.swift */,
			);
			name = Model;
			sourceTree = "<group>";
		};
		8BA5DEE91E5B494F007BE40F = {
			isa = PBXGroup;
			children = (
				8BA5DEF41E5B494F007BE40F /* PokeSearch */,
				8BA5DEF31E5B494F007BE40F /* Products */,
				242669914C0FBC0E0F1548C0 /* Pods */,
				85C1D1F0895F5F1F1A63DE4D /* Frameworks */,
			);
			sourceTree = "<group>";
		};
		8BA5DEF31E5B494F007BE40F /* Products */ = {
			isa = PBXGroup;
			children = (
				8BA5DEF21E5B494F007BE40F /* PokeSearch.app */,
			);
			name = Products;
			sourceTree = "<group>";
		};
		8BA5DEF41E5B494F007BE40F /* PokeSearch */ = {
			isa = PBXGroup;
			children = (
				8B023CFF1E5C915F00B3C712 /* Model */,
				8B023CFE1E5C915100B3C712 /* Controller */,
				8B023CDE1E5C62BE00B3C712 /* GeoFire */,
				8BA5DEF51E5B494F007BE40F /* AppDelegate.swift */,
				8B023CFD1E5C664400B3C712 /* Poke-Bridge-Header.h */,
				8BA5DF071E5B496C007BE40F /* GoogleService-Info.plist */,
				8BA5DF011E5B494F007BE40F /* Info.plist */,
				8BA5DEFC1E5B494F007BE40F /* Assets.xcassets */,
				8BA5DEFE1E5B494F007BE40F /* LaunchScreen.storyboard */,
				8BA5DEF91E5B494F007BE40F /* Main.storyboard */,
			);
			path = PokeSearch;
			sourceTree = "<group>";
		};
/* End PBXGroup section */

/* Begin PBXNativeTarget section */
		8BA5DEF11E5B494F007BE40F /* PokeSearch */ = {
			isa = PBXNativeTarget;
			buildConfigurationList = 8BA5DF041E5B494F007BE40F /* Build configuration list for PBXNativeTarget "PokeSearch" */;
			buildPhases = (
				0571A40827934F7FA53EF663 /* [CP] Check Pods Manifest.lock */,
				8BA5DEEE1E5B494F007BE40F /* Sources */,
				8BA5DEEF1E5B494F007BE40F /* Frameworks */,
				8BA5DEF01E5B494F007BE40F /* Resources */,
				3B43B64C6BA8446D9319AA1B /* [CP] Embed Pods Frameworks */,
				9B1984AE38AA8616E656F42A /* [CP] Copy Pods Resources */,
			);
			buildRules = (
			);
			dependencies = (
			);
			name = PokeSearch;
			productName = PokeSearch;
			productReference = 8BA5DEF21E5B494F007BE40F /* PokeSearch.app */;
			productType = "com.apple.product-type.application";
		};
/* End PBXNativeTarget section */

/* Begin PBXProject section */
		8BA5DEEA1E5B494F007BE40F /* Project object */ = {
			isa = PBXProject;
			attributes = {
				LastSwiftUpdateCheck = 0820;
				LastUpgradeCheck = 0820;
				ORGANIZATIONNAME = "Nano Degree";
				TargetAttributes = {
					8BA5DEF11E5B494F007BE40F = {
						CreatedOnToolsVersion = 8.2.1;
						DevelopmentTeam = GB5JX3BE5S;
						ProvisioningStyle = Automatic;
					};
				};
			};
			buildConfigurationList = 8BA5DEED1E5B494F007BE40F /* Build configuration list for PBXProject "PokeSearch" */;
			compatibilityVersion = "Xcode 3.2";
			developmentRegion = English;
			hasScannedForEncodings = 0;
			knownRegions = (
				en,
				Base,
			);
			mainGroup = 8BA5DEE91E5B494F007BE40F;
			productRefGroup = 8BA5DEF31E5B494F007BE40F /* Products */;
			projectDirPath = "";
			projectRoot = "";
			targets = (
				8BA5DEF11E5B494F007BE40F /* PokeSearch */,
			);
		};
/* End PBXProject section */

/* Begin PBXResourcesBuildPhase section */
		8BA5DEF01E5B494F007BE40F /* Resources */ = {
			isa = PBXResourcesBuildPhase;
			buildActionMask = 2147483647;
			files = (
				8BA5DF001E5B494F007BE40F /* LaunchScreen.storyboard in Resources */,
				8BA5DEFD1E5B494F007BE40F /* Assets.xcassets in Resources */,
				8BA5DF081E5B496C007BE40F /* GoogleService-Info.plist in Resources */,
				8BA5DEFB1E5B494F007BE40F /* Main.storyboard in Resources */,
			);
			runOnlyForDeploymentPostprocessing = 0;
		};
/* End PBXResourcesBuildPhase section */

/* Begin PBXShellScriptBuildPhase section */
		0571A40827934F7FA53EF663 /* [CP] Check Pods Manifest.lock */ = {
			isa = PBXShellScriptBuildPhase;
			buildActionMask = 2147483647;
			files = (
			);
			inputPaths = (
			);
			name = "[CP] Check Pods Manifest.lock";
			outputPaths = (
			);
			runOnlyForDeploymentPostprocessing = 0;
			shellPath = /bin/sh;
			shellScript = "diff \"${PODS_ROOT}/../Podfile.lock\" \"${PODS_ROOT}/Manifest.lock\" > /dev/null\nif [ $? != 0 ] ; then\n    # print error to STDERR\n    echo \"error: The sandbox is not in sync with the Podfile.lock. Run 'pod install' or update your CocoaPods installation.\" >&2\n    exit 1\nfi\n";
			showEnvVarsInLog = 0;
		};
		3B43B64C6BA8446D9319AA1B /* [CP] Embed Pods Frameworks */ = {
			isa = PBXShellScriptBuildPhase;
			buildActionMask = 2147483647;
			files = (
			);
			inputPaths = (
			);
			name = "[CP] Embed Pods Frameworks";
			outputPaths = (
			);
			runOnlyForDeploymentPostprocessing = 0;
			shellPath = /bin/sh;
			shellScript = "\"${SRCROOT}/Pods/Target Support Files/Pods-PokeSearch/Pods-PokeSearch-frameworks.sh\"\n";
			showEnvVarsInLog = 0;
		};
		9B1984AE38AA8616E656F42A /* [CP] Copy Pods Resources */ = {
			isa = PBXShellScriptBuildPhase;
			buildActionMask = 2147483647;
			files = (
			);
			inputPaths = (
			);
			name = "[CP] Copy Pods Resources";
			outputPaths = (
			);
			runOnlyForDeploymentPostprocessing = 0;
			shellPath = /bin/sh;
			shellScript = "\"${SRCROOT}/Pods/Target Support Files/Pods-PokeSearch/Pods-PokeSearch-resources.sh\"\n";
			showEnvVarsInLog = 0;
		};
/* End PBXShellScriptBuildPhase section */

/* Begin PBXSourcesBuildPhase section */
		8BA5DEEE1E5B494F007BE40F /* Sources */ = {
			isa = PBXSourcesBuildPhase;
			buildActionMask = 2147483647;
			files = (
				8B023CF11E5C62BE00B3C712 /* GFBase32Utils.m in Sources */,
				8B023D011E5C91CB00B3C712 /* PokeAnnotation.swift in Sources */,
				8BA5DEF81E5B494F007BE40F /* ViewController.swift in Sources */,
				8B023CF21E5C62BE00B3C712 /* GFGeoHash.m in Sources */,
				8BA5DEF61E5B494F007BE40F /* AppDelegate.swift in Sources */,
				8B023CF01E5C62BE00B3C712 /* GeoFire.m in Sources */,
				8B023CF31E5C62BE00B3C712 /* GFGeoHashQuery.m in Sources */,
				8B023CF41E5C62BE00B3C712 /* GFQuery.m in Sources */,
			);
			runOnlyForDeploymentPostprocessing = 0;
		};
/* End PBXSourcesBuildPhase section */

/* Begin PBXVariantGroup section */
		8BA5DEF91E5B494F007BE40F /* Main.storyboard */ = {
			isa = PBXVariantGroup;
			children = (
				8BA5DEFA1E5B494F007BE40F /* Base */,
			);
			name = Main.storyboard;
			sourceTree = "<group>";
		};
		8BA5DEFE1E5B494F007BE40F /* LaunchScreen.storyboard */ = {
			isa = PBXVariantGroup;
			children = (
				8BA5DEFF1E5B494F007BE40F /* Base */,
			);
			name = LaunchScreen.storyboard;
			sourceTree = "<group>";
		};
/* End PBXVariantGroup section */

/* Begin XCBuildConfiguration section */
		8BA5DF021E5B494F007BE40F /* Debug */ = {
			isa = XCBuildConfiguration;
			buildSettings = {
				ALWAYS_SEARCH_USER_PATHS = NO;
				CLANG_ANALYZER_NONNULL = YES;
				CLANG_CXX_LANGUAGE_STANDARD = "gnu++0x";
				CLANG_CXX_LIBRARY = "libc++";
				CLANG_ENABLE_MODULES = YES;
				CLANG_ENABLE_OBJC_ARC = YES;
				CLANG_WARN_BOOL_CONVERSION = YES;
				CLANG_WARN_CONSTANT_CONVERSION = YES;
				CLANG_WARN_DIRECT_OBJC_ISA_USAGE = YES_ERROR;
				CLANG_WARN_DOCUMENTATION_COMMENTS = YES;
				CLANG_WARN_EMPTY_BODY = YES;
				CLANG_WARN_ENUM_CONVERSION = YES;
				CLANG_WARN_INFINITE_RECURSION = YES;
				CLANG_WARN_INT_CONVERSION = YES;
				CLANG_WARN_OBJC_ROOT_CLASS = YES_ERROR;
				CLANG_WARN_SUSPICIOUS_MOVE = YES;
				CLANG_WARN_UNREACHABLE_CODE = YES;
				CLANG_WARN__DUPLICATE_METHOD_MATCH = YES;
				"CODE_SIGN_IDENTITY[sdk=iphoneos*]" = "iPhone Developer";
				COPY_PHASE_STRIP = NO;
				DEBUG_INFORMATION_FORMAT = dwarf;
				ENABLE_STRICT_OBJC_MSGSEND = YES;
				ENABLE_TESTABILITY = YES;
				GCC_C_LANGUAGE_STANDARD = gnu99;
				GCC_DYNAMIC_NO_PIC = NO;
				GCC_NO_COMMON_BLOCKS = YES;
				GCC_OPTIMIZATION_LEVEL = 0;
				GCC_PREPROCESSOR_DEFINITIONS = (
					"DEBUG=1",
					"$(inherited)",
				);
				GCC_WARN_64_TO_32_BIT_CONVERSION = YES;
				GCC_WARN_ABOUT_RETURN_TYPE = YES_ERROR;
				GCC_WARN_UNDECLARED_SELECTOR = YES;
				GCC_WARN_UNINITIALIZED_AUTOS = YES_AGGRESSIVE;
				GCC_WARN_UNUSED_FUNCTION = YES;
				GCC_WARN_UNUSED_VARIABLE = YES;
				IPHONEOS_DEPLOYMENT_TARGET = 10.2;
				MTL_ENABLE_DEBUG_INFO = YES;
				ONLY_ACTIVE_ARCH = YES;
				SDKROOT = iphoneos;
				SWIFT_ACTIVE_COMPILATION_CONDITIONS = DEBUG;
				SWIFT_OPTIMIZATION_LEVEL = "-Onone";
				TARGETED_DEVICE_FAMILY = "1,2";
			};
			name = Debug;
		};
		8BA5DF031E5B494F007BE40F /* Release */ = {
			isa = XCBuildConfiguration;
			buildSettings = {
				ALWAYS_SEARCH_USER_PATHS = NO;
				CLANG_ANALYZER_NONNULL = YES;
				CLANG_CXX_LANGUAGE_STANDARD = "gnu++0x";
				CLANG_CXX_LIBRARY = "libc++";
				CLANG_ENABLE_MODULES = YES;
				CLANG_ENABLE_OBJC_ARC = YES;
				CLANG_WARN_BOOL_CONVERSION = YES;
				CLANG_WARN_CONSTANT_CONVERSION = YES;
				CLANG_WARN_DIRECT_OBJC_ISA_USAGE = YES_ERROR;
				CLANG_WARN_DOCUMENTATION_COMMENTS = YES;
				CLANG_WARN_EMPTY_BODY = YES;
				CLANG_WARN_ENUM_CONVERSION = YES;
				CLANG_WARN_INFINITE_RECURSION = YES;
				CLANG_WARN_INT_CONVERSION = YES;
				CLANG_WARN_OBJC_ROOT_CLASS = YES_ERROR;
				CLANG_WARN_SUSPICIOUS_MOVE = YES;
				CLANG_WARN_UNREACHABLE_CODE = YES;
				CLANG_WARN__DUPLICATE_METHOD_MATCH = YES;
				"CODE_SIGN_IDENTITY[sdk=iphoneos*]" = "iPhone Developer";
				COPY_PHASE_STRIP = NO;
				DEBUG_INFORMATION_FORMAT = "dwarf-with-dsym";
				ENABLE_NS_ASSERTIONS = NO;
				ENABLE_STRICT_OBJC_MSGSEND = YES;
				GCC_C_LANGUAGE_STANDARD = gnu99;
				GCC_NO_COMMON_BLOCKS = YES;
				GCC_WARN_64_TO_32_BIT_CONVERSION = YES;
				GCC_WARN_ABOUT_RETURN_TYPE = YES_ERROR;
				GCC_WARN_UNDECLARED_SELECTOR = YES;
				GCC_WARN_UNINITIALIZED_AUTOS = YES_AGGRESSIVE;
				GCC_WARN_UNUSED_FUNCTION = YES;
				GCC_WARN_UNUSED_VARIABLE = YES;
				IPHONEOS_DEPLOYMENT_TARGET = 10.2;
				MTL_ENABLE_DEBUG_INFO = NO;
				SDKROOT = iphoneos;
				SWIFT_OPTIMIZATION_LEVEL = "-Owholemodule";
				TARGETED_DEVICE_FAMILY = "1,2";
				VALIDATE_PRODUCT = YES;
			};
			name = Release;
		};
		8BA5DF051E5B494F007BE40F /* Debug */ = {
			isa = XCBuildConfiguration;
			baseConfigurationReference = BFDFAD0AF9F2CDA1C001B3C8 /* Pods-PokeSearch.debug.xcconfig */;
			buildSettings = {
				ASSETCATALOG_COMPILER_APPICON_NAME = AppIcon;
				DEVELOPMENT_TEAM = GB5JX3BE5S;
				INFOPLIST_FILE = PokeSearch/Info.plist;
				LD_RUNPATH_SEARCH_PATHS = "$(inherited) @executable_path/Frameworks";
				PRODUCT_BUNDLE_IDENTIFIER = swiftpakistan.PokeSearch;
				PRODUCT_NAME = "$(TARGET_NAME)";
				SWIFT_OBJC_BRIDGING_HEADER = "PokeSearch/Poke-Bridge-Header.h";
				SWIFT_VERSION = 3.0;
			};
			name = Debug;
		};
		8BA5DF061E5B494F007BE40F /* Release */ = {
			isa = XCBuildConfiguration;
			baseConfigurationReference = 7193EEE9BA37B594F1FD12E4 /* Pods-PokeSearch.release.xcconfig */;
			buildSettings = {
				ASSETCATALOG_COMPILER_APPICON_NAME = AppIcon;
				DEVELOPMENT_TEAM = GB5JX3BE5S;
				INFOPLIST_FILE = PokeSearch/Info.plist;
				LD_RUNPATH_SEARCH_PATHS = "$(inherited) @executable_path/Frameworks";
				PRODUCT_BUNDLE_IDENTIFIER = swiftpakistan.PokeSearch;
				PRODUCT_NAME = "$(TARGET_NAME)";
				SWIFT_OBJC_BRIDGING_HEADER = "PokeSearch/Poke-Bridge-Header.h";
				SWIFT_VERSION = 3.0;
			};
			name = Release;
		};
/* End XCBuildConfiguration section */

/* Begin XCConfigurationList section */
		8BA5DEED1E5B494F007BE40F /* Build configuration list for PBXProject "PokeSearch" */ = {
			isa = XCConfigurationList;
			buildConfigurations = (
				8BA5DF021E5B494F007BE40F /* Debug */,
				8BA5DF031E5B494F007BE40F /* Release */,
			);
			defaultConfigurationIsVisible = 0;
			defaultConfigurationName = Release;
		};
		8BA5DF041E5B494F007BE40F /* Build configuration list for PBXNativeTarget "PokeSearch" */ = {
			isa = XCConfigurationList;
			buildConfigurations = (
				8BA5DF051E5B494F007BE40F /* Debug */,
				8BA5DF061E5B494F007BE40F /* Release */,
			);
			defaultConfigurationIsVisible = 0;
			defaultConfigurationName = Release;
		};
/* End XCConfigurationList section */
	};
	rootObject = 8BA5DEEA1E5B494F007BE40F /* Project object */;
}
